// !$*UTF8*$!
{
	archiveVersion = 1;
	classes = {
	};
	objectVersion = 77;
	objects = {

/* Begin PBXBuildFile section */
		AA21F6572F1060E5004466A8 /* AnalyticsAPI in Frameworks */ = {isa = PBXBuildFile; productRef = AA21F6562F1060E5004466A8 /* AnalyticsAPI */; };
		AA21F6592F1060E8004466A8 /* AnalyticsImpl in Frameworks */ = {isa = PBXBuildFile; productRef = AA21F6582F1060E8004466A8 /* AnalyticsImpl */; };
		AA63BB172F1058FF00671123 /* FirebaseServicesAPI in Frameworks */ = {isa = PBXBuildFile; productRef = AA63BB162F1058FF00671123 /* FirebaseServicesAPI */; };
		AA63BB192F10590500671123 /* FirebaseServicesImpl in Frameworks */ = {isa = PBXBuildFile; productRef = AA63BB182F10590500671123 /* FirebaseServicesImpl */; };
		AAC31CE62EDD844E00C7869E /* Lottie in Frameworks */ = {isa = PBXBuildFile; productRef = AAC31CE52EDD844E00C7869E /* Lottie */; };
		AAD8DF332ED106A700084DE1 /* Swinject in Frameworks */ = {isa = PBXBuildFile; productRef = AAD8DF322ED106A700084DE1 /* Swinject */; };
		AAD8DFD32EDA2A6300084DE1 /* SnapKit in Frameworks */ = {isa = PBXBuildFile; productRef = AAD8DFD22EDA2A6300084DE1 /* SnapKit */; };
		AAF301042EFFD06F006827B7 /* ServicesAPI in Frameworks */ = {isa = PBXBuildFile; productRef = AAF301032EFFD06F006827B7 /* ServicesAPI */; };
		AAF301062EFFD073006827B7 /* ServicesImpl in Frameworks */ = {isa = PBXBuildFile; productRef = AAF301052EFFD073006827B7 /* ServicesImpl */; };
		AAF301142F0178EF006827B7 /* DGCharts in Frameworks */ = {isa = PBXBuildFile; productRef = AAF301132F0178EF006827B7 /* DGCharts */; };
		AAF303BF2F03E851006827B7 /* CurrencyFormatter in Frameworks */ = {isa = PBXBuildFile; productRef = AAF303BE2F03E851006827B7 /* CurrencyFormatter */; };
		AAF307782F066735006827B7 /* FSCalendar in Frameworks */ = {isa = PBXBuildFile; productRef = AAF307772F066735006827B7 /* FSCalendar */; };
		AAF3FE0E2EFF1C0A006827B7 /* StorageAPI in Frameworks */ = {isa = PBXBuildFile; productRef = AAF3FE0D2EFF1C0A006827B7 /* StorageAPI */; };
		AAF3FE102EFF1C0A006827B7 /* StorageImpl in Frameworks */ = {isa = PBXBuildFile; productRef = AAF3FE0F2EFF1C0A006827B7 /* StorageImpl */; };
/* End PBXBuildFile section */

/* Begin PBXFileReference section */
		AAD8DF162ED1040300084DE1 /* FinanceFlow.app */ = {isa = PBXFileReference; explicitFileType = wrapper.application; includeInIndex = 0; path = FinanceFlow.app; sourceTree = BUILT_PRODUCTS_DIR; };
/* End PBXFileReference section */

/* Begin PBXFileSystemSynchronizedBuildFileExceptionSet section */
		AAD8DF2B2ED1040400084DE1 /* Exceptions for "FinanceFlow" folder in "FinanceFlow" target */ = {
			isa = PBXFileSystemSynchronizedBuildFileExceptionSet;
			membershipExceptions = (
				Info.plist,
			);
			target = AAD8DF152ED1040300084DE1 /* FinanceFlow */;
		};
/* End PBXFileSystemSynchronizedBuildFileExceptionSet section */

/* Begin PBXFileSystemSynchronizedRootGroup section */
		AAD8DF182ED1040300084DE1 /* FinanceFlow */ = {
			isa = PBXFileSystemSynchronizedRootGroup;
			exceptions = (
				AAD8DF2B2ED1040400084DE1 /* Exceptions for "FinanceFlow" folder in "FinanceFlow" target */,
			);
			path = FinanceFlow;
			sourceTree = "<group>";
		};
/* End PBXFileSystemSynchronizedRootGroup section */

/* Begin PBXFrameworksBuildPhase section */
		AAD8DF132ED1040300084DE1 /* Frameworks */ = {
			isa = PBXFrameworksBuildPhase;
			buildActionMask = 2147483647;
			files = (
				AA63BB172F1058FF00671123 /* FirebaseServicesAPI in Frameworks */,
				AA21F6572F1060E5004466A8 /* AnalyticsAPI in Frameworks */,
				AAF3FE102EFF1C0A006827B7 /* StorageImpl in Frameworks */,
				AAF301062EFFD073006827B7 /* ServicesImpl in Frameworks */,
				AA63BB192F10590500671123 /* FirebaseServicesImpl in Frameworks */,
				AAD8DF332ED106A700084DE1 /* Swinject in Frameworks */,
				AAF307782F066735006827B7 /* FSCalendar in Frameworks */,
				AAF303BF2F03E851006827B7 /* CurrencyFormatter in Frameworks */,
				AAF3FE0E2EFF1C0A006827B7 /* StorageAPI in Frameworks */,
				AAF301042EFFD06F006827B7 /* ServicesAPI in Frameworks */,
				AAD8DFD32EDA2A6300084DE1 /* SnapKit in Frameworks */,
				AAF301142F0178EF006827B7 /* DGCharts in Frameworks */,
				AAC31CE62EDD844E00C7869E /* Lottie in Frameworks */,
				AA21F6592F1060E8004466A8 /* AnalyticsImpl in Frameworks */,
			);
			runOnlyForDeploymentPostprocessing = 0;
		};
/* End PBXFrameworksBuildPhase section */

/* Begin PBXGroup section */
		AAD8DF0D2ED1040300084DE1 = {
			isa = PBXGroup;
			children = (
				AAD8DF182ED1040300084DE1 /* FinanceFlow */,
				AAD8DF642ED1A24300084DE1 /* Frameworks */,
				AAD8DF172ED1040300084DE1 /* Products */,
			);
			sourceTree = "<group>";
		};
		AAD8DF172ED1040300084DE1 /* Products */ = {
			isa = PBXGroup;
			children = (
				AAD8DF162ED1040300084DE1 /* FinanceFlow.app */,
			);
			name = Products;
			sourceTree = "<group>";
		};
		AAD8DF642ED1A24300084DE1 /* Frameworks */ = {
			isa = PBXGroup;
			children = (
			);
			name = Frameworks;
			sourceTree = "<group>";
		};
/* End PBXGroup section */

/* Begin PBXNativeTarget section */
		AAD8DF152ED1040300084DE1 /* FinanceFlow */ = {
			isa = PBXNativeTarget;
			buildConfigurationList = AAD8DF2C2ED1040400084DE1 /* Build configuration list for PBXNativeTarget "FinanceFlow" */;
			buildPhases = (
				AAD8DF122ED1040300084DE1 /* Sources */,
				AAD8DF132ED1040300084DE1 /* Frameworks */,
				AAD8DF142ED1040300084DE1 /* Resources */,
			);
			buildRules = (
			);
			dependencies = (
			);
			fileSystemSynchronizedGroups = (
				AAD8DF182ED1040300084DE1 /* FinanceFlow */,
			);
			name = FinanceFlow;
			packageProductDependencies = (
				AAD8DF322ED106A700084DE1 /* Swinject */,
				AAD8DFD22EDA2A6300084DE1 /* SnapKit */,
				AAC31CE52EDD844E00C7869E /* Lottie */,
				AAF3FE0D2EFF1C0A006827B7 /* StorageAPI */,
				AAF3FE0F2EFF1C0A006827B7 /* StorageImpl */,
				AAF301032EFFD06F006827B7 /* ServicesAPI */,
				AAF301052EFFD073006827B7 /* ServicesImpl */,
				AAF301132F0178EF006827B7 /* DGCharts */,
				AAF303BE2F03E851006827B7 /* CurrencyFormatter */,
				AAF307772F066735006827B7 /* FSCalendar */,
				AA63BB162F1058FF00671123 /* FirebaseServicesAPI */,
				AA63BB182F10590500671123 /* FirebaseServicesImpl */,
				AA21F6562F1060E5004466A8 /* AnalyticsAPI */,
				AA21F6582F1060E8004466A8 /* AnalyticsImpl */,
			);
			productName = FinanceFlow;
			productReference = AAD8DF162ED1040300084DE1 /* FinanceFlow.app */;
			productType = "com.apple.product-type.application";
		};
/* End PBXNativeTarget section */

/* Begin PBXProject section */
		AAD8DF0E2ED1040300084DE1 /* Project object */ = {
			isa = PBXProject;
			attributes = {
				BuildIndependentTargetsInParallel = 1;
				LastSwiftUpdateCheck = 2600;
				LastUpgradeCheck = 2600;
				TargetAttributes = {
					AAD8DF152ED1040300084DE1 = {
						CreatedOnToolsVersion = 26.0;
					};
				};
			};
			buildConfigurationList = AAD8DF112ED1040300084DE1 /* Build configuration list for PBXProject "FinanceFlow" */;
			developmentRegion = en;
			hasScannedForEncodings = 0;
			knownRegions = (
				en,
				Base,
			);
			mainGroup = AAD8DF0D2ED1040300084DE1;
			minimizedProjectReferenceProxies = 1;
			packageReferences = (
				AAD8DF312ED106A700084DE1 /* XCRemoteSwiftPackageReference "Swinject" */,
				AAD8DFD12EDA2A6300084DE1 /* XCRemoteSwiftPackageReference "SnapKit" */,
				AAC31CE42EDD844E00C7869E /* XCRemoteSwiftPackageReference "lottie-ios" */,
				AAF301122F0178EF006827B7 /* XCRemoteSwiftPackageReference "Charts" */,
				AAF303BD2F03E851006827B7 /* XCRemoteSwiftPackageReference "CurrencyFormatter" */,
				AAF307762F066735006827B7 /* XCRemoteSwiftPackageReference "FSCalendar" */,
			);
			preferredProjectObjectVersion = 77;
			productRefGroup = AAD8DF172ED1040300084DE1 /* Products */;
			projectDirPath = "";
			projectRoot = "";
			targets = (
				AAD8DF152ED1040300084DE1 /* FinanceFlow */,
			);
		};
/* End PBXProject section */

/* Begin PBXResourcesBuildPhase section */
		AAD8DF142ED1040300084DE1 /* Resources */ = {
			isa = PBXResourcesBuildPhase;
			buildActionMask = 2147483647;
			files = (
			);
			runOnlyForDeploymentPostprocessing = 0;
		};
/* End PBXResourcesBuildPhase section */

/* Begin PBXSourcesBuildPhase section */
		AAD8DF122ED1040300084DE1 /* Sources */ = {
			isa = PBXSourcesBuildPhase;
			buildActionMask = 2147483647;
			files = (
			);
			runOnlyForDeploymentPostprocessing = 0;
		};
/* End PBXSourcesBuildPhase section */

/* Begin XCBuildConfiguration section */
		AAD8DF2D2ED1040400084DE1 /* Debug */ = {
			isa = XCBuildConfiguration;
			buildSettings = {
				ASSETCATALOG_COMPILER_APPICON_NAME = AppIcon;
				ASSETCATALOG_COMPILER_GLOBAL_ACCENT_COLOR_NAME = AccentColor;
				CODE_SIGN_STYLE = Automatic;
				CURRENT_PROJECT_VERSION = 1;
				DEVELOPMENT_TEAM = 76PSY2Z2S3;
				GENERATE_INFOPLIST_FILE = YES;
				INFOPLIST_FILE = FinanceFlow/Info.plist;
				INFOPLIST_KEY_UIApplicationSupportsIndirectInputEvents = YES;
				INFOPLIST_KEY_UILaunchStoryboardName = LaunchScreen;
				INFOPLIST_KEY_UISupportedInterfaceOrientations = UIInterfaceOrientationPortrait;
				INFOPLIST_KEY_UISupportedInterfaceOrientations_iPad = "UIInterfaceOrientationLandscapeLeft UIInterfaceOrientationLandscapeRight UIInterfaceOrientationPortrait UIInterfaceOrientationPortraitUpsideDown";
				IPHONEOS_DEPLOYMENT_TARGET = 15.6;
				LD_RUNPATH_SEARCH_PATHS = (
					"$(inherited)",
					"@executable_path/Frameworks",
				);
				MARKETING_VERSION = 1.0;
				PRODUCT_BUNDLE_IDENTIFIER = com.kalininpavel.FinanceFlow;
				PRODUCT_NAME = "$(TARGET_NAME)";
				STRING_CATALOG_GENERATE_SYMBOLS = YES;
				SUPPORTED_PLATFORMS = "iphoneos iphonesimulator";
				SUPPORTS_MACCATALYST = NO;
				SUPPORTS_MAC_DESIGNED_FOR_IPHONE_IPAD = NO;
				SUPPORTS_XR_DESIGNED_FOR_IPHONE_IPAD = NO;
				SWIFT_APPROACHABLE_CONCURRENCY = YES;
				SWIFT_DEFAULT_ACTOR_ISOLATION = MainActor;
				SWIFT_EMIT_LOC_STRINGS = YES;
				SWIFT_UPCOMING_FEATURE_MEMBER_IMPORT_VISIBILITY = YES;
				SWIFT_VERSION = 5.0;
				TARGETED_DEVICE_FAMILY = 1;
			};
			name = Debug;
		};
		AAD8DF2E2ED1040400084DE1 /* Release */ = {
			isa = XCBuildConfiguration;
			buildSettings = {
				ASSETCATALOG_COMPILER_APPICON_NAME = AppIcon;
				ASSETCATALOG_COMPILER_GLOBAL_ACCENT_COLOR_NAME = AccentColor;
				CODE_SIGN_STYLE = Automatic;
				CURRENT_PROJECT_VERSION = 1;
				DEVELOPMENT_TEAM = 76PSY2Z2S3;
				GENERATE_INFOPLIST_FILE = YES;
				INFOPLIST_FILE = FinanceFlow/Info.plist;
				INFOPLIST_KEY_UIApplicationSupportsIndirectInputEvents = YES;
				INFOPLIST_KEY_UILaunchStoryboardName = LaunchScreen;
				INFOPLIST_KEY_UISupportedInterfaceOrientations = UIInterfaceOrientationPortrait;
				INFOPLIST_KEY_UISupportedInterfaceOrientations_iPad = "UIInterfaceOrientationLandscapeLeft UIInterfaceOrientationLandscapeRight UIInterfaceOrientationPortrait UIInterfaceOrientationPortraitUpsideDown";
				IPHONEOS_DEPLOYMENT_TARGET = 15.6;
				LD_RUNPATH_SEARCH_PATHS = (
					"$(inherited)",
					"@executable_path/Frameworks",
				);
				MARKETING_VERSION = 1.0;
				PRODUCT_BUNDLE_IDENTIFIER = com.kalininpavel.FinanceFlow;
				PRODUCT_NAME = "$(TARGET_NAME)";
				STRING_CATALOG_GENERATE_SYMBOLS = YES;
				SUPPORTED_PLATFORMS = "iphoneos iphonesimulator";
				SUPPORTS_MACCATALYST = NO;
				SUPPORTS_MAC_DESIGNED_FOR_IPHONE_IPAD = NO;
				SUPPORTS_XR_DESIGNED_FOR_IPHONE_IPAD = NO;
				SWIFT_APPROACHABLE_CONCURRENCY = YES;
				SWIFT_DEFAULT_ACTOR_ISOLATION = MainActor;
				SWIFT_EMIT_LOC_STRINGS = YES;
				SWIFT_UPCOMING_FEATURE_MEMBER_IMPORT_VISIBILITY = YES;
				SWIFT_VERSION = 5.0;
				TARGETED_DEVICE_FAMILY = 1;
			};
			name = Release;
		};
		AAD8DF2F2ED1040400084DE1 /* Debug */ = {
			isa = XCBuildConfiguration;
			buildSettings = {
				ALWAYS_SEARCH_USER_PATHS = NO;
				ASSETCATALOG_COMPILER_GENERATE_SWIFT_ASSET_SYMBOL_EXTENSIONS = YES;
				CLANG_ANALYZER_NONNULL = YES;
				CLANG_ANALYZER_NUMBER_OBJECT_CONVERSION = YES_AGGRESSIVE;
				CLANG_CXX_LANGUAGE_STANDARD = "gnu++20";
				CLANG_ENABLE_MODULES = YES;
				CLANG_ENABLE_OBJC_ARC = YES;
				CLANG_ENABLE_OBJC_WEAK = YES;
				CLANG_WARN_BLOCK_CAPTURE_AUTORELEASING = YES;
				CLANG_WARN_BOOL_CONVERSION = YES;
				CLANG_WARN_COMMA = YES;
				CLANG_WARN_CONSTANT_CONVERSION = YES;
				CLANG_WARN_DEPRECATED_OBJC_IMPLEMENTATIONS = YES;
				CLANG_WARN_DIRECT_OBJC_ISA_USAGE = YES_ERROR;
				CLANG_WARN_DOCUMENTATION_COMMENTS = YES;
				CLANG_WARN_EMPTY_BODY = YES;
				CLANG_WARN_ENUM_CONVERSION = YES;
				CLANG_WARN_INFINITE_RECURSION = YES;
				CLANG_WARN_INT_CONVERSION = YES;
				CLANG_WARN_NON_LITERAL_NULL_CONVERSION = YES;
				CLANG_WARN_OBJC_IMPLICIT_RETAIN_SELF = YES;
				CLANG_WARN_OBJC_LITERAL_CONVERSION = YES;
				CLANG_WARN_OBJC_ROOT_CLASS = YES_ERROR;
				CLANG_WARN_QUOTED_INCLUDE_IN_FRAMEWORK_HEADER = YES;
				CLANG_WARN_RANGE_LOOP_ANALYSIS = YES;
				CLANG_WARN_STRICT_PROTOTYPES = YES;
				CLANG_WARN_SUSPICIOUS_MOVE = YES;
				CLANG_WARN_UNGUARDED_AVAILABILITY = YES_AGGRESSIVE;
				CLANG_WARN_UNREACHABLE_CODE = YES;
				CLANG_WARN__DUPLICATE_METHOD_MATCH = YES;
				COPY_PHASE_STRIP = NO;
				DEBUG_INFORMATION_FORMAT = dwarf;
				ENABLE_STRICT_OBJC_MSGSEND = YES;
				ENABLE_TESTABILITY = YES;
				ENABLE_USER_SCRIPT_SANDBOXING = YES;
				GCC_C_LANGUAGE_STANDARD = gnu17;
				GCC_DYNAMIC_NO_PIC = NO;
				GCC_NO_COMMON_BLOCKS = YES;
				GCC_OPTIMIZATION_LEVEL = 0;
				GCC_PREPROCESSOR_DEFINITIONS = (
					"DEBUG=1",
					"$(inherited)",
				);
				GCC_WARN_64_TO_32_BIT_CONVERSION = YES;
				GCC_WARN_ABOUT_RETURN_TYPE = YES_ERROR;
				GCC_WARN_UNDECLARED_SELECTOR = YES;
				GCC_WARN_UNINITIALIZED_AUTOS = YES_AGGRESSIVE;
				GCC_WARN_UNUSED_FUNCTION = YES;
				GCC_WARN_UNUSED_VARIABLE = YES;
				IPHONEOS_DEPLOYMENT_TARGET = 15.6;
				LOCALIZATION_PREFERS_STRING_CATALOGS = YES;
				MTL_ENABLE_DEBUG_INFO = INCLUDE_SOURCE;
				MTL_FAST_MATH = YES;
				ONLY_ACTIVE_ARCH = YES;
				SDKROOT = iphoneos;
				SWIFT_ACTIVE_COMPILATION_CONDITIONS = "DEBUG $(inherited)";
				SWIFT_OPTIMIZATION_LEVEL = "-Onone";
			};
			name = Debug;
		};
		AAD8DF302ED1040400084DE1 /* Release */ = {
			isa = XCBuildConfiguration;
			buildSettings = {
				ALWAYS_SEARCH_USER_PATHS = NO;
				ASSETCATALOG_COMPILER_GENERATE_SWIFT_ASSET_SYMBOL_EXTENSIONS = YES;
				CLANG_ANALYZER_NONNULL = YES;
				CLANG_ANALYZER_NUMBER_OBJECT_CONVERSION = YES_AGGRESSIVE;
				CLANG_CXX_LANGUAGE_STANDARD = "gnu++20";
				CLANG_ENABLE_MODULES = YES;
				CLANG_ENABLE_OBJC_ARC = YES;
				CLANG_ENABLE_OBJC_WEAK = YES;
				CLANG_WARN_BLOCK_CAPTURE_AUTORELEASING = YES;
				CLANG_WARN_BOOL_CONVERSION = YES;
				CLANG_WARN_COMMA = YES;
				CLANG_WARN_CONSTANT_CONVERSION = YES;
				CLANG_WARN_DEPRECATED_OBJC_IMPLEMENTATIONS = YES;
				CLANG_WARN_DIRECT_OBJC_ISA_USAGE = YES_ERROR;
				CLANG_WARN_DOCUMENTATION_COMMENTS = YES;
				CLANG_WARN_EMPTY_BODY = YES;
				CLANG_WARN_ENUM_CONVERSION = YES;
				CLANG_WARN_INFINITE_RECURSION = YES;
				CLANG_WARN_INT_CONVERSION = YES;
				CLANG_WARN_NON_LITERAL_NULL_CONVERSION = YES;
				CLANG_WARN_OBJC_IMPLICIT_RETAIN_SELF = YES;
				CLANG_WARN_OBJC_LITERAL_CONVERSION = YES;
				CLANG_WARN_OBJC_ROOT_CLASS = YES_ERROR;
				CLANG_WARN_QUOTED_INCLUDE_IN_FRAMEWORK_HEADER = YES;
				CLANG_WARN_RANGE_LOOP_ANALYSIS = YES;
				CLANG_WARN_STRICT_PROTOTYPES = YES;
				CLANG_WARN_SUSPICIOUS_MOVE = YES;
				CLANG_WARN_UNGUARDED_AVAILABILITY = YES_AGGRESSIVE;
				CLANG_WARN_UNREACHABLE_CODE = YES;
				CLANG_WARN__DUPLICATE_METHOD_MATCH = YES;
				COPY_PHASE_STRIP = NO;
				DEBUG_INFORMATION_FORMAT = "dwarf-with-dsym";
				ENABLE_NS_ASSERTIONS = NO;
				ENABLE_STRICT_OBJC_MSGSEND = YES;
				ENABLE_USER_SCRIPT_SANDBOXING = YES;
				GCC_C_LANGUAGE_STANDARD = gnu17;
				GCC_NO_COMMON_BLOCKS = YES;
				GCC_WARN_64_TO_32_BIT_CONVERSION = YES;
				GCC_WARN_ABOUT_RETURN_TYPE = YES_ERROR;
				GCC_WARN_UNDECLARED_SELECTOR = YES;
				GCC_WARN_UNINITIALIZED_AUTOS = YES_AGGRESSIVE;
				GCC_WARN_UNUSED_FUNCTION = YES;
				GCC_WARN_UNUSED_VARIABLE = YES;
				IPHONEOS_DEPLOYMENT_TARGET = 15.6;
				LOCALIZATION_PREFERS_STRING_CATALOGS = YES;
				MTL_ENABLE_DEBUG_INFO = NO;
				MTL_FAST_MATH = YES;
				SDKROOT = iphoneos;
				SWIFT_COMPILATION_MODE = wholemodule;
				VALIDATE_PRODUCT = YES;
			};
			name = Release;
		};
/* End XCBuildConfiguration section */

/* Begin XCConfigurationList section */
		AAD8DF112ED1040300084DE1 /* Build configuration list for PBXProject "FinanceFlow" */ = {
			isa = XCConfigurationList;
			buildConfigurations = (
				AAD8DF2F2ED1040400084DE1 /* Debug */,
				AAD8DF302ED1040400084DE1 /* Release */,
			);
			defaultConfigurationIsVisible = 0;
			defaultConfigurationName = Release;
		};
		AAD8DF2C2ED1040400084DE1 /* Build configuration list for PBXNativeTarget "FinanceFlow" */ = {
			isa = XCConfigurationList;
			buildConfigurations = (
				AAD8DF2D2ED1040400084DE1 /* Debug */,
				AAD8DF2E2ED1040400084DE1 /* Release */,
			);
			defaultConfigurationIsVisible = 0;
			defaultConfigurationName = Release;
		};
/* End XCConfigurationList section */

/* Begin XCRemoteSwiftPackageReference section */
		AAC31CE42EDD844E00C7869E /* XCRemoteSwiftPackageReference "lottie-ios" */ = {
			isa = XCRemoteSwiftPackageReference;
			repositoryURL = "https://github.com/airbnb/lottie-ios.git";
			requirement = {
				kind = upToNextMajorVersion;
				minimumVersion = 4.5.2;
			};
		};
		AAD8DF312ED106A700084DE1 /* XCRemoteSwiftPackageReference "Swinject" */ = {
			isa = XCRemoteSwiftPackageReference;
			repositoryURL = "https://github.com/Swinject/Swinject.git";
			requirement = {
				branch = master;
				kind = branch;
			};
		};
		AAD8DFD12EDA2A6300084DE1 /* XCRemoteSwiftPackageReference "SnapKit" */ = {
			isa = XCRemoteSwiftPackageReference;
			repositoryURL = "https://github.com/SnapKit/SnapKit.git";
			requirement = {
				kind = upToNextMajorVersion;
				minimumVersion = 5.7.1;
			};
		};
		AAF301122F0178EF006827B7 /* XCRemoteSwiftPackageReference "Charts" */ = {
			isa = XCRemoteSwiftPackageReference;
			repositoryURL = "https://github.com/ChartsOrg/Charts.git";
			requirement = {
				kind = upToNextMajorVersion;
				minimumVersion = 5.1.0;
			};
		};
		AAF303BD2F03E851006827B7 /* XCRemoteSwiftPackageReference "CurrencyFormatter" */ = {
			isa = XCRemoteSwiftPackageReference;
			repositoryURL = "https://github.com/kashapalinin/CurrencyFormatter.git";
			requirement = {
				kind = upToNextMajorVersion;
				minimumVersion = 1.1.3;
			};
		};
		AAF307762F066735006827B7 /* XCRemoteSwiftPackageReference "FSCalendar" */ = {
			isa = XCRemoteSwiftPackageReference;
			repositoryURL = "https://github.com/WenchaoD/FSCalendar.git";
			requirement = {
				kind = upToNextMajorVersion;
				minimumVersion = 2.8.4;
			};
		};
/* End XCRemoteSwiftPackageReference section */

/* Begin XCSwiftPackageProductDependency section */
		AA21F6562F1060E5004466A8 /* AnalyticsAPI */ = {
			isa = XCSwiftPackageProductDependency;
			productName = AnalyticsAPI;
		};
		AA21F6582F1060E8004466A8 /* AnalyticsImpl */ = {
			isa = XCSwiftPackageProductDependency;
			productName = AnalyticsImpl;
		};
		AA63BB162F1058FF00671123 /* FirebaseServicesAPI */ = {
			isa = XCSwiftPackageProductDependency;
			productName = FirebaseServicesAPI;
		};
		AA63BB182F10590500671123 /* FirebaseServicesImpl */ = {
			isa = XCSwiftPackageProductDependency;
			productName = FirebaseServicesImpl;
		};
		AAC31CE52EDD844E00C7869E /* Lottie */ = {
			isa = XCSwiftPackageProductDependency;
			package = AAC31CE42EDD844E00C7869E /* XCRemoteSwiftPackageReference "lottie-ios" */;
			productName = Lottie;
		};
		AAD8DF322ED106A700084DE1 /* Swinject */ = {
			isa = XCSwiftPackageProductDependency;
			package = AAD8DF312ED106A700084DE1 /* XCRemoteSwiftPackageReference "Swinject" */;
			productName = Swinject;
		};
		AAD8DFD22EDA2A6300084DE1 /* SnapKit */ = {
			isa = XCSwiftPackageProductDependency;
			package = AAD8DFD12EDA2A6300084DE1 /* XCRemoteSwiftPackageReference "SnapKit" */;
			productName = SnapKit;
		};
		AAF301032EFFD06F006827B7 /* ServicesAPI */ = {
			isa = XCSwiftPackageProductDependency;
			productName = ServicesAPI;
		};
		AAF301052EFFD073006827B7 /* ServicesImpl */ = {
			isa = XCSwiftPackageProductDependency;
			productName = ServicesImpl;
		};
		AAF301132F0178EF006827B7 /* DGCharts */ = {
			isa = XCSwiftPackageProductDependency;
			package = AAF301122F0178EF006827B7 /* XCRemoteSwiftPackageReference "Charts" */;
			productName = DGCharts;
		};
		AAF303BE2F03E851006827B7 /* CurrencyFormatter */ = {
			isa = XCSwiftPackageProductDependency;
			package = AAF303BD2F03E851006827B7 /* XCRemoteSwiftPackageReference "CurrencyFormatter" */;
			productName = CurrencyFormatter;
		};
		AAF307772F066735006827B7 /* FSCalendar */ = {
			isa = XCSwiftPackageProductDependency;
			package = AAF307762F066735006827B7 /* XCRemoteSwiftPackageReference "FSCalendar" */;
			productName = FSCalendar;
		};
		AAF3FE0D2EFF1C0A006827B7 /* StorageAPI */ = {
			isa = XCSwiftPackageProductDependency;
			productName = StorageAPI;
		};
		AAF3FE0F2EFF1C0A006827B7 /* StorageImpl */ = {
			isa = XCSwiftPackageProductDependency;
			productName = StorageImpl;
		};
/* End XCSwiftPackageProductDependency section */
	};
	rootObject = AAD8DF0E2ED1040300084DE1 /* Project object */;
}
